
Microsoft Visual Studio Solution File, Format Version 12.00
# Visual Studio Version 16
VisualStudioVersion = 16.0.31729.503
MinimumVisualStudioVersion = 10.0.40219.1
Project("{FAE04EC0-301F-11D3-BF4B-00C04F79EFBC}") = "ServiceReservasi", "ServiceReservasi\ServiceReservasi.csproj", "{7FA798A3-3822-4479-A09E-E10A4332EBE2}"
EndProject
Global
	GlobalSection(SolutionConfigurationPlatforms) = preSolution
		Debug|Any CPU = Debug|Any CPU
		Release|Any CPU = Release|Any CPU
	EndGlobalSection
	GlobalSection(ProjectConfigurationPlatforms) = postSolution
		{7FA798A3-3822-4479-A09E-E10A4332EBE2}.Debug|Any CPU.ActiveCfg = Debug|Any CPU
		{7FA798A3-3822-4479-A09E-E10A4332EBE2}.Debug|Any CPU.Build.0 = Debug|Any CPU
		{7FA798A3-3822-4479-A09E-E10A4332EBE2}.Release|Any CPU.ActiveCfg = Release|Any CPU
		{7FA798A3-3822-4479-A09E-E10A4332EBE2}.Release|Any CPU.Build.0 = Release|Any CPU
	EndGlobalSection
	GlobalSection(SolutionProperties) = preSolution
		HideSolutionNode = FALSE
	EndGlobalSection
	GlobalSection(ExtensibilityGlobals) = postSolution
		SolutionGuid = {28AFB26F-6E84-422B-A5C9-EB15DA629DEE}
	EndGlobalSection
EndGlobal
